
Microsoft Visual Studio Solution File, Format Version 12.00
# Visual Studio 2013
VisualStudioVersion = 12.0.21005.1
MinimumVisualStudioVersion = 10.0.40219.1
Project("{FAE04EC0-301F-11D3-BF4B-00C04F79EFBC}") = "LIB", "LIB\LIB.csproj", "{B58853B4-B9E4-403D-B4BF-0A6068E2A49F}"
EndProject
Project("{FAE04EC0-301F-11D3-BF4B-00C04F79EFBC}") = "TestConsole", "TestConsole\TestConsole.csproj", "{0A637053-D4A8-4B33-9D89-A7D80FA9D0E1}"
EndProject
Project("{FAE04EC0-301F-11D3-BF4B-00C04F79EFBC}") = "Kajal.DB", "Kajal.DB\Kajal.DB.csproj", "{CFF9FA5D-1E1A-4C79-A56C-A2D4D7BC9EF8}"
EndProject
Project("{FAE04EC0-301F-11D3-BF4B-00C04F79EFBC}") = "Kajal.Service", "Kajal.Service\Kajal.Service.csproj", "{41813E89-9109-4A16-82C3-CEEC138C0B53}"
EndProject
Project("{FAE04EC0-301F-11D3-BF4B-00C04F79EFBC}") = "Kajal.Com", "Kajal.Com\Kajal.Com.csproj", "{376206BD-BE48-4F72-8888-ADE5BE88BA39}"
EndProject
Project("{FAE04EC0-301F-11D3-BF4B-00C04F79EFBC}") = "Kajal.Web", "Kajal.Web\Kajal.Web.csproj", "{E6D9A020-3C85-47F8-8D07-DAFCE06D7EE4}"
EndProject
Project("{FAE04EC0-301F-11D3-BF4B-00C04F79EFBC}") = "FbManager", "FbManager\FbManager.csproj", "{DC935B2D-9876-423D-9F67-27D09369A402}"
EndProject
Global
	GlobalSection(SolutionConfigurationPlatforms) = preSolution
		Debug|Any CPU = Debug|Any CPU
		Release|Any CPU = Release|Any CPU
	EndGlobalSection
	GlobalSection(ProjectConfigurationPlatforms) = postSolution
		{B58853B4-B9E4-403D-B4BF-0A6068E2A49F}.Debug|Any CPU.ActiveCfg = Debug|Any CPU
		{B58853B4-B9E4-403D-B4BF-0A6068E2A49F}.Debug|Any CPU.Build.0 = Debug|Any CPU
		{B58853B4-B9E4-403D-B4BF-0A6068E2A49F}.Release|Any CPU.ActiveCfg = Release|Any CPU
		{B58853B4-B9E4-403D-B4BF-0A6068E2A49F}.Release|Any CPU.Build.0 = Release|Any CPU
		{0A637053-D4A8-4B33-9D89-A7D80FA9D0E1}.Debug|Any CPU.ActiveCfg = Debug|Any CPU
		{0A637053-D4A8-4B33-9D89-A7D80FA9D0E1}.Debug|Any CPU.Build.0 = Debug|Any CPU
		{0A637053-D4A8-4B33-9D89-A7D80FA9D0E1}.Release|Any CPU.ActiveCfg = Release|Any CPU
		{0A637053-D4A8-4B33-9D89-A7D80FA9D0E1}.Release|Any CPU.Build.0 = Release|Any CPU
		{CFF9FA5D-1E1A-4C79-A56C-A2D4D7BC9EF8}.Debug|Any CPU.ActiveCfg = Debug|Any CPU
		{CFF9FA5D-1E1A-4C79-A56C-A2D4D7BC9EF8}.Debug|Any CPU.Build.0 = Debug|Any CPU
		{CFF9FA5D-1E1A-4C79-A56C-A2D4D7BC9EF8}.Release|Any CPU.ActiveCfg = Release|Any CPU
		{CFF9FA5D-1E1A-4C79-A56C-A2D4D7BC9EF8}.Release|Any CPU.Build.0 = Release|Any CPU
		{41813E89-9109-4A16-82C3-CEEC138C0B53}.Debug|Any CPU.ActiveCfg = Debug|Any CPU
		{41813E89-9109-4A16-82C3-CEEC138C0B53}.Debug|Any CPU.Build.0 = Debug|Any CPU
		{41813E89-9109-4A16-82C3-CEEC138C0B53}.Release|Any CPU.ActiveCfg = Release|Any CPU
		{41813E89-9109-4A16-82C3-CEEC138C0B53}.Release|Any CPU.Build.0 = Release|Any CPU
		{376206BD-BE48-4F72-8888-ADE5BE88BA39}.Debug|Any CPU.ActiveCfg = Debug|Any CPU
		{376206BD-BE48-4F72-8888-ADE5BE88BA39}.Debug|Any CPU.Build.0 = Debug|Any CPU
		{376206BD-BE48-4F72-8888-ADE5BE88BA39}.Release|Any CPU.ActiveCfg = Release|Any CPU
		{376206BD-BE48-4F72-8888-ADE5BE88BA39}.Release|Any CPU.Build.0 = Release|Any CPU
		{E6D9A020-3C85-47F8-8D07-DAFCE06D7EE4}.Debug|Any CPU.ActiveCfg = Debug|Any CPU
		{E6D9A020-3C85-47F8-8D07-DAFCE06D7EE4}.Debug|Any CPU.Build.0 = Debug|Any CPU
		{E6D9A020-3C85-47F8-8D07-DAFCE06D7EE4}.Release|Any CPU.ActiveCfg = Release|Any CPU
		{E6D9A020-3C85-47F8-8D07-DAFCE06D7EE4}.Release|Any CPU.Build.0 = Release|Any CPU
		{DC935B2D-9876-423D-9F67-27D09369A402}.Debug|Any CPU.ActiveCfg = Debug|Any CPU
		{DC935B2D-9876-423D-9F67-27D09369A402}.Debug|Any CPU.Build.0 = Debug|Any CPU
		{DC935B2D-9876-423D-9F67-27D09369A402}.Release|Any CPU.ActiveCfg = Release|Any CPU
		{DC935B2D-9876-423D-9F67-27D09369A402}.Release|Any CPU.Build.0 = Release|Any CPU
	EndGlobalSection
	GlobalSection(SolutionProperties) = preSolution
		HideSolutionNode = FALSE
	EndGlobalSection
EndGlobal
